
Microsoft Visual Studio Solution File, Format Version 12.00
# Visual Studio Version 17
VisualStudioVersion = 17.5.002.0
MinimumVisualStudioVersion = 10.0.40219.1
Project("{9A19103F-16F7-4668-BE54-9A1E7A4F7556}") = "semi1", "semi1.csproj", "{76F44219-3E32-463F-B5F2-3FC0AD6E7746}"
EndProject
Global
	GlobalSection(SolutionConfigurationPlatforms) = preSolution
		Debug|Any CPU = Debug|Any CPU
		Release|Any CPU = Release|Any CPU
	EndGlobalSection
	GlobalSection(ProjectConfigurationPlatforms) = postSolution
		{76F44219-3E32-463F-B5F2-3FC0AD6E7746}.Debug|Any CPU.ActiveCfg = Debug|Any CPU
		{76F44219-3E32-463F-B5F2-3FC0AD6E7746}.Debug|Any CPU.Build.0 = Debug|Any CPU
		{76F44219-3E32-463F-B5F2-3FC0AD6E7746}.Release|Any CPU.ActiveCfg = Release|Any CPU
		{76F44219-3E32-463F-B5F2-3FC0AD6E7746}.Release|Any CPU.Build.0 = Release|Any CPU
	EndGlobalSection
	GlobalSection(SolutionProperties) = preSolution
		HideSolutionNode = FALSE
	EndGlobalSection
	GlobalSection(ExtensibilityGlobals) = postSolution
		SolutionGuid = {C56222F0-BF53-4EC1-AFFC-52DD94264D89}
	EndGlobalSection
EndGlobal
